# Generated by buf. DO NOT EDIT.
version: v1
deps:
  - remote: buf.build
    owner: googleapis
    repository: googleapis
    commit: 62f35d8aed1149c291d606d958a7ce32
  - remote: buf.build
    owner: viamrobotics
    repository: api
    commit: ca0b55452786466ab26c1ca07ec6302f
  - remote: buf.build
    owner: viamrobotics
    repository: goutils
    commit: 97870753c5dc4acc86deaa33213df626
