# Generated by buf. DO NOT EDIT.
version: v1
deps:
  - remote: buf.build
    owner: googleapis
    repository: googleapis
    branch: main
    commit: a821d6d6abbe4b439907ff7970459941
    digest: b1-2K8F7EHYBrgGfmCQmWc1zBNyiyLoIABNm3BQVj7q8DY=
    create_time: 2021-10-27T15:08:18.775093Z
  - remote: buf.build
    owner: viamrobotics
    repository: goutils
    branch: main
    commit: 2eac2411dcf141cfb084c1c4de2e82ab
    digest: b1-9aGNmy_nDp9MRRRz44j6evdjb63_mjQWLKVVovooawI=
    create_time: 2022-01-20T20:31:16.055241Z
